Microsoft Visual Studio Solution File, Format Version 12.00
# Visual Studio 2012
Project("{FAE04EC0-301F-11D3-BF4B-00C04F79EFBC}") = "ld-48", "ld-48.csproj", "{D31E5B5F-2E35-4BE7-805C-5AFF1D5E2B06}"
EndProject
Global
	GlobalSection(SolutionConfigurationPlatforms) = preSolution
	Debug|Any CPU = Debug|Any CPU
	ExportDebug|Any CPU = ExportDebug|Any CPU
	ExportRelease|Any CPU = ExportRelease|Any CPU
	EndGlobalSection
	GlobalSection(ProjectConfigurationPlatforms) = postSolution
		{D31E5B5F-2E35-4BE7-805C-5AFF1D5E2B06}.Debug|Any CPU.ActiveCfg = Debug|Any CPU
		{D31E5B5F-2E35-4BE7-805C-5AFF1D5E2B06}.Debug|Any CPU.Build.0 = Debug|Any CPU
		{D31E5B5F-2E35-4BE7-805C-5AFF1D5E2B06}.ExportDebug|Any CPU.ActiveCfg = ExportDebug|Any CPU
		{D31E5B5F-2E35-4BE7-805C-5AFF1D5E2B06}.ExportDebug|Any CPU.Build.0 = ExportDebug|Any CPU
		{D31E5B5F-2E35-4BE7-805C-5AFF1D5E2B06}.ExportRelease|Any CPU.ActiveCfg = ExportRelease|Any CPU
		{D31E5B5F-2E35-4BE7-805C-5AFF1D5E2B06}.ExportRelease|Any CPU.Build.0 = ExportRelease|Any CPU
	EndGlobalSection
EndGlobal
